github.com/joshlf/go-acl v0.0.0-20200411065538-eae00ae38531 h1:hgVxRoDDPtQE68PT4LFvNlPz2nBKd3OMlGKIQ69OmR4=
github.com/joshlf/go-acl v0.0.0-20200411065538-eae00ae38531/go.mod h1:fqTUQpVYBvhCNIsMXGl2GE9q6z94DIP6NtFKXCSTVbg=
github.com/joshlf/testutil v0.0.0-20170608050642-b5d8aa79d93d h1:J8tJzRyiddAFF65YVgxli+TyWBi0f79Sld6rJP6CBcY=
github.com/joshlf/testutil v0.0.0-20170608050642-b5d8aa79d93d/go.mod h1:b+Q3v8Yrg5o15d71PSUraUzYb+jWl6wQMSBXSGS/hv0=
golang.org/x/sys v0.6.0 h1:MVltZSvRTcU2ljQOhs94SXPftV6DCNnZViHeQps87pQ=
golang.org/x/sys v0.6.0/go.mod h1:oPkhp1MJrh7nUepCBck5+mAzfO9JrbApNNgaTdGDITg=
